
Microsoft Visual Studio Solution File, Format Version 12.00
# Visual Studio 15
VisualStudioVersion = 15.0.27428.2043
MinimumVisualStudioVersion = 10.0.40219.1
Project("{FAE04EC0-301F-11D3-BF4B-00C04F79EFBC}") = "GolayCode", "GolayCode\GolayCode.csproj", "{A099B417-5CB5-48A0-8A0B-AD3B4ECF37C9}"
EndProject
Global
	GlobalSection(SolutionConfigurationPlatforms) = preSolution
		Debug|Any CPU = Debug|Any CPU
		Release|Any CPU = Release|Any CPU
	EndGlobalSection
	GlobalSection(ProjectConfigurationPlatforms) = postSolution
		{A099B417-5CB5-48A0-8A0B-AD3B4ECF37C9}.Debug|Any CPU.ActiveCfg = Debug|Any CPU
		{A099B417-5CB5-48A0-8A0B-AD3B4ECF37C9}.Debug|Any CPU.Build.0 = Debug|Any CPU
		{A099B417-5CB5-48A0-8A0B-AD3B4ECF37C9}.Release|Any CPU.ActiveCfg = Release|Any CPU
		{A099B417-5CB5-48A0-8A0B-AD3B4ECF37C9}.Release|Any CPU.Build.0 = Release|Any CPU
	EndGlobalSection
	GlobalSection(SolutionProperties) = preSolution
		HideSolutionNode = FALSE
	EndGlobalSection
	GlobalSection(ExtensibilityGlobals) = postSolution
		SolutionGuid = {B0392D13-724F-45F5-A6C4-7AA9BF53FC6D}
	EndGlobalSection
EndGlobal
